// !$*UTF8*$!
{
	archiveVersion = 1;
	classes = {
	};
	objectVersion = 56;
	objects = {

/* Begin PBXBuildFile section */
		BD224EC82A3A0FF3008ACC6B /* Persistence.swift in Sources */ = {isa = PBXBuildFile; fileRef = BD224EC72A3A0FF3008ACC6B /* Persistence.swift */; };
		BD224ECB2A3A1366008ACC6B /* ToDo List.xcdatamodeld in Sources */ = {isa = PBXBuildFile; fileRef = BD224EC92A3A1366008ACC6B /* ToDo List.xcdatamodeld */; };
		BD90D26E2A39007A00B84DD1 /* ToDo_ListApp.swift in Sources */ = {isa = PBXBuildFile; fileRef = BD90D26D2A39007A00B84DD1 /* ToDo_ListApp.swift */; };
		BD90D2702A39007A00B84DD1 /* ContentView.swift in Sources */ = {isa = PBXBuildFile; fileRef = BD90D26F2A39007A00B84DD1 /* ContentView.swift */; };
		BD90D2722A39007C00B84DD1 /* Assets.xcassets in Resources */ = {isa = PBXBuildFile; fileRef = BD90D2712A39007C00B84DD1 /* Assets.xcassets */; };
		BD90D2752A39007C00B84DD1 /* Preview Assets.xcassets in Resources */ = {isa = PBXBuildFile; fileRef = BD90D2742A39007C00B84DD1 /* Preview Assets.xcassets */; };
		BD90D27E2A39054500B84DD1 /* ToDoItem.swift in Sources */ = {isa = PBXBuildFile; fileRef = BD90D27D2A39054500B84DD1 /* ToDoItem.swift */; };
		BD90D2802A39066300B84DD1 /* NewToDoView.swift in Sources */ = {isa = PBXBuildFile; fileRef = BD90D27F2A39066300B84DD1 /* NewToDoView.swift */; };
/* End PBXBuildFile section */

/* Begin PBXFileReference section */
		BD224EC72A3A0FF3008ACC6B /* Persistence.swift */ = {isa = PBXFileReference; lastKnownFileType = sourcecode.swift; path = Persistence.swift; sourceTree = "<group>"; };
		BD224ECA2A3A1366008ACC6B /* ToDo List.xcdatamodel */ = {isa = PBXFileReference; lastKnownFileType = wrapper.xcdatamodel; path = "ToDo List.xcdatamodel"; sourceTree = "<group>"; };
		BD90D26A2A39007A00B84DD1 /* ToDo List.app */ = {isa = PBXFileReference; explicitFileType = wrapper.application; includeInIndex = 0; path = "ToDo List.app"; sourceTree = BUILT_PRODUCTS_DIR; };
		BD90D26D2A39007A00B84DD1 /* ToDo_ListApp.swift */ = {isa = PBXFileReference; lastKnownFileType = sourcecode.swift; path = ToDo_ListApp.swift; sourceTree = "<group>"; };
		BD90D26F2A39007A00B84DD1 /* ContentView.swift */ = {isa = PBXFileReference; lastKnownFileType = sourcecode.swift; path = ContentView.swift; sourceTree = "<group>"; };
		BD90D2712A39007C00B84DD1 /* Assets.xcassets */ = {isa = PBXFileReference; lastKnownFileType = folder.assetcatalog; path = Assets.xcassets; sourceTree = "<group>"; };
		BD90D2742A39007C00B84DD1 /* Preview Assets.xcassets */ = {isa = PBXFileReference; lastKnownFileType = folder.assetcatalog; path = "Preview Assets.xcassets"; sourceTree = "<group>"; };
		BD90D27D2A39054500B84DD1 /* ToDoItem.swift */ = {isa = PBXFileReference; lastKnownFileType = sourcecode.swift; path = ToDoItem.swift; sourceTree = "<group>"; };
		BD90D27F2A39066300B84DD1 /* NewToDoView.swift */ = {isa = PBXFileReference; lastKnownFileType = sourcecode.swift; path = NewToDoView.swift; sourceTree = "<group>"; };
/* End PBXFileReference section */

/* Begin PBXFrameworksBuildPhase section */
		BD90D2672A39007A00B84DD1 /* Frameworks */ = {
			isa = PBXFrameworksBuildPhase;
			buildActionMask = 2147483647;
			files = (
			);
			runOnlyForDeploymentPostprocessing = 0;
		};
/* End PBXFrameworksBuildPhase section */

/* Begin PBXGroup section */
		BD90D2612A39007A00B84DD1 = {
			isa = PBXGroup;
			children = (
				BD224EC72A3A0FF3008ACC6B /* Persistence.swift */,
				BD90D26C2A39007A00B84DD1 /* ToDo List */,
				BD90D26B2A39007A00B84DD1 /* Products */,
			);
			sourceTree = "<group>";
		};
		BD90D26B2A39007A00B84DD1 /* Products */ = {
			isa = PBXGroup;
			children = (
				BD90D26A2A39007A00B84DD1 /* ToDo List.app */,
			);
			name = Products;
			sourceTree = "<group>";
		};
		BD90D26C2A39007A00B84DD1 /* ToDo List */ = {
			isa = PBXGroup;
			children = (
				BD90D26D2A39007A00B84DD1 /* ToDo_ListApp.swift */,
				BD90D26F2A39007A00B84DD1 /* ContentView.swift */,
				BD90D27F2A39066300B84DD1 /* NewToDoView.swift */,
				BD90D27D2A39054500B84DD1 /* ToDoItem.swift */,
				BD90D2712A39007C00B84DD1 /* Assets.xcassets */,
				BD90D2732A39007C00B84DD1 /* Preview Content */,
				BD224EC92A3A1366008ACC6B /* ToDo List.xcdatamodeld */,
			);
			path = "ToDo List";
			sourceTree = "<group>";
		};
		BD90D2732A39007C00B84DD1 /* Preview Content */ = {
			isa = PBXGroup;
			children = (
				BD90D2742A39007C00B84DD1 /* Preview Assets.xcassets */,
			);
			path = "Preview Content";
			sourceTree = "<group>";
		};
/* End PBXGroup section */

/* Begin PBXNativeTarget section */
		BD90D2692A39007A00B84DD1 /* ToDo List */ = {
			isa = PBXNativeTarget;
			buildConfigurationList = BD90D2782A39007C00B84DD1 /* Build configuration list for PBXNativeTarget "ToDo List" */;
			buildPhases = (
				BD90D2662A39007A00B84DD1 /* Sources */,
				BD90D2672A39007A00B84DD1 /* Frameworks */,
				BD90D2682A39007A00B84DD1 /* Resources */,
			);
			buildRules = (
			);
			dependencies = (
			);
			name = "ToDo List";
			productName = "ToDo List";
			productReference = BD90D26A2A39007A00B84DD1 /* ToDo List.app */;
			productType = "com.apple.product-type.application";
		};
/* End PBXNativeTarget section */

/* Begin PBXProject section */
		BD90D2622A39007A00B84DD1 /* Project object */ = {
			isa = PBXProject;
			attributes = {
				BuildIndependentTargetsInParallel = 1;
				LastSwiftUpdateCheck = 1430;
				LastUpgradeCheck = 1430;
				TargetAttributes = {
					BD90D2692A39007A00B84DD1 = {
						CreatedOnToolsVersion = 14.3.1;
					};
				};
			};
			buildConfigurationList = BD90D2652A39007A00B84DD1 /* Build configuration list for PBXProject "ToDo List" */;
			compatibilityVersion = "Xcode 14.0";
			developmentRegion = en;
			hasScannedForEncodings = 0;
			knownRegions = (
				en,
				Base,
			);
			mainGroup = BD90D2612A39007A00B84DD1;
			productRefGroup = BD90D26B2A39007A00B84DD1 /* Products */;
			projectDirPath = "";
			projectRoot = "";
			targets = (
				BD90D2692A39007A00B84DD1 /* ToDo List */,
			);
		};
/* End PBXProject section */

/* Begin PBXResourcesBuildPhase section */
		BD90D2682A39007A00B84DD1 /* Resources */ = {
			isa = PBXResourcesBuildPhase;
			buildActionMask = 2147483647;
			files = (
				BD90D2752A39007C00B84DD1 /* Preview Assets.xcassets in Resources */,
				BD90D2722A39007C00B84DD1 /* Assets.xcassets in Resources */,
			);
			runOnlyForDeploymentPostprocessing = 0;
		};
/* End PBXResourcesBuildPhase section */

/* Begin PBXSourcesBuildPhase section */
		BD90D2662A39007A00B84DD1 /* Sources */ = {
			isa = PBXSourcesBuildPhase;
			buildActionMask = 2147483647;
			files = (
				BD90D2702A39007A00B84DD1 /* ContentView.swift in Sources */,
				BD90D26E2A39007A00B84DD1 /* ToDo_ListApp.swift in Sources */,
				BD90D27E2A39054500B84DD1 /* ToDoItem.swift in Sources */,
				BD90D2802A39066300B84DD1 /* NewToDoView.swift in Sources */,
				BD224ECB2A3A1366008ACC6B /* ToDo List.xcdatamodeld in Sources */,
				BD224EC82A3A0FF3008ACC6B /* Persistence.swift in Sources */,
			);
			runOnlyForDeploymentPostprocessing = 0;
		};
/* End PBXSourcesBuildPhase section */

/* Begin XCBuildConfiguration section */
		BD90D2762A39007C00B84DD1 /* Debug */ = {
			isa = XCBuildConfiguration;
			buildSettings = {
				ALWAYS_SEARCH_USER_PATHS = NO;
				CLANG_ANALYZER_NONNULL = YES;
				CLANG_ANALYZER_NUMBER_OBJECT_CONVERSION = YES_AGGRESSIVE;
				CLANG_CXX_LANGUAGE_STANDARD = "gnu++20";
				CLANG_ENABLE_MODULES = YES;
				CLANG_ENABLE_OBJC_ARC = YES;
				CLANG_ENABLE_OBJC_WEAK = YES;
				CLANG_WARN_BLOCK_CAPTURE_AUTORELEASING = YES;
				CLANG_WARN_BOOL_CONVERSION = YES;
				CLANG_WARN_COMMA = YES;
				CLANG_WARN_CONSTANT_CONVERSION = YES;
				CLANG_WARN_DEPRECATED_OBJC_IMPLEMENTATIONS = YES;
				CLANG_WARN_DIRECT_OBJC_ISA_USAGE = YES_ERROR;
				CLANG_WARN_DOCUMENTATION_COMMENTS = YES;
				CLANG_WARN_EMPTY_BODY = YES;
				CLANG_WARN_ENUM_CONVERSION = YES;
				CLANG_WARN_INFINITE_RECURSION = YES;
				CLANG_WARN_INT_CONVERSION = YES;
				CLANG_WARN_NON_LITERAL_NULL_CONVERSION = YES;
				CLANG_WARN_OBJC_IMPLICIT_RETAIN_SELF = YES;
				CLANG_WARN_OBJC_LITERAL_CONVERSION = YES;
				CLANG_WARN_OBJC_ROOT_CLASS = YES_ERROR;
				CLANG_WARN_QUOTED_INCLUDE_IN_FRAMEWORK_HEADER = YES;
				CLANG_WARN_RANGE_LOOP_ANALYSIS = YES;
				CLANG_WARN_STRICT_PROTOTYPES = YES;
				CLANG_WARN_SUSPICIOUS_MOVE = YES;
				CLANG_WARN_UNGUARDED_AVAILABILITY = YES_AGGRESSIVE;
				CLANG_WARN_UNREACHABLE_CODE = YES;
				CLANG_WARN__DUPLICATE_METHOD_MATCH = YES;
				COPY_PHASE_STRIP = NO;
				DEBUG_INFORMATION_FORMAT = dwarf;
				ENABLE_STRICT_OBJC_MSGSEND = YES;
				ENABLE_TESTABILITY = YES;
				GCC_C_LANGUAGE_STANDARD = gnu11;
				GCC_DYNAMIC_NO_PIC = NO;
				GCC_NO_COMMON_BLOCKS = YES;
				GCC_OPTIMIZATION_LEVEL = 0;
				GCC_PREPROCESSOR_DEFINITIONS = (
					"DEBUG=1",
					"$(inherited)",
				);
				GCC_WARN_64_TO_32_BIT_CONVERSION = YES;
				GCC_WARN_ABOUT_RETURN_TYPE = YES_ERROR;
				GCC_WARN_UNDECLARED_SELECTOR = YES;
				GCC_WARN_UNINITIALIZED_AUTOS = YES_AGGRESSIVE;
				GCC_WARN_UNUSED_FUNCTION = YES;
				GCC_WARN_UNUSED_VARIABLE = YES;
				IPHONEOS_DEPLOYMENT_TARGET = 16.4;
				MTL_ENABLE_DEBUG_INFO = INCLUDE_SOURCE;
				MTL_FAST_MATH = YES;
				ONLY_ACTIVE_ARCH = YES;
				SDKROOT = iphoneos;
				SWIFT_ACTIVE_COMPILATION_CONDITIONS = DEBUG;
				SWIFT_OPTIMIZATION_LEVEL = "-Onone";
			};
			name = Debug;
		};
		BD90D2772A39007C00B84DD1 /* Release */ = {
			isa = XCBuildConfiguration;
			buildSettings = {
				ALWAYS_SEARCH_USER_PATHS = NO;
				CLANG_ANALYZER_NONNULL = YES;
				CLANG_ANALYZER_NUMBER_OBJECT_CONVERSION = YES_AGGRESSIVE;
				CLANG_CXX_LANGUAGE_STANDARD = "gnu++20";
				CLANG_ENABLE_MODULES = YES;
				CLANG_ENABLE_OBJC_ARC = YES;
				CLANG_ENABLE_OBJC_WEAK = YES;
				CLANG_WARN_BLOCK_CAPTURE_AUTORELEASING = YES;
				CLANG_WARN_BOOL_CONVERSION = YES;
				CLANG_WARN_COMMA = YES;
				CLANG_WARN_CONSTANT_CONVERSION = YES;
				CLANG_WARN_DEPRECATED_OBJC_IMPLEMENTATIONS = YES;
				CLANG_WARN_DIRECT_OBJC_ISA_USAGE = YES_ERROR;
				CLANG_WARN_DOCUMENTATION_COMMENTS = YES;
				CLANG_WARN_EMPTY_BODY = YES;
				CLANG_WARN_ENUM_CONVERSION = YES;
				CLANG_WARN_INFINITE_RECURSION = YES;
				CLANG_WARN_INT_CONVERSION = YES;
				CLANG_WARN_NON_LITERAL_NULL_CONVERSION = YES;
				CLANG_WARN_OBJC_IMPLICIT_RETAIN_SELF = YES;
				CLANG_WARN_OBJC_LITERAL_CONVERSION = YES;
				CLANG_WARN_OBJC_ROOT_CLASS = YES_ERROR;
				CLANG_WARN_QUOTED_INCLUDE_IN_FRAMEWORK_HEADER = YES;
				CLANG_WARN_RANGE_LOOP_ANALYSIS = YES;
				CLANG_WARN_STRICT_PROTOTYPES = YES;
				CLANG_WARN_SUSPICIOUS_MOVE = YES;
				CLANG_WARN_UNGUARDED_AVAILABILITY = YES_AGGRESSIVE;
				CLANG_WARN_UNREACHABLE_CODE = YES;
				CLANG_WARN__DUPLICATE_METHOD_MATCH = YES;
				COPY_PHASE_STRIP = NO;
				DEBUG_INFORMATION_FORMAT = "dwarf-with-dsym";
				ENABLE_NS_ASSERTIONS = NO;
				ENABLE_STRICT_OBJC_MSGSEND = YES;
				GCC_C_LANGUAGE_STANDARD = gnu11;
				GCC_NO_COMMON_BLOCKS = YES;
				GCC_WARN_64_TO_32_BIT_CONVERSION = YES;
				GCC_WARN_ABOUT_RETURN_TYPE = YES_ERROR;
				GCC_WARN_UNDECLARED_SELECTOR = YES;
				GCC_WARN_UNINITIALIZED_AUTOS = YES_AGGRESSIVE;
				GCC_WARN_UNUSED_FUNCTION = YES;
				GCC_WARN_UNUSED_VARIABLE = YES;
				IPHONEOS_DEPLOYMENT_TARGET = 16.4;
				MTL_ENABLE_DEBUG_INFO = NO;
				MTL_FAST_MATH = YES;
				SDKROOT = iphoneos;
				SWIFT_COMPILATION_MODE = wholemodule;
				SWIFT_OPTIMIZATION_LEVEL = "-O";
				VALIDATE_PRODUCT = YES;
			};
			name = Release;
		};
		BD90D2792A39007C00B84DD1 /* Debug */ = {
			isa = XCBuildConfiguration;
			buildSettings = {
				ASSETCATALOG_COMPILER_APPICON_NAME = AppIcon;
				ASSETCATALOG_COMPILER_GLOBAL_ACCENT_COLOR_NAME = AccentColor;
				CODE_SIGN_STYLE = Automatic;
				CURRENT_PROJECT_VERSION = 1;
				DEVELOPMENT_ASSET_PATHS = "\"ToDo List/Preview Content\"";
				ENABLE_PREVIEWS = YES;
				GENERATE_INFOPLIST_FILE = YES;
				INFOPLIST_KEY_UIApplicationSceneManifest_Generation = YES;
				INFOPLIST_KEY_UIApplicationSupportsIndirectInputEvents = YES;
				INFOPLIST_KEY_UILaunchScreen_Generation = YES;
				INFOPLIST_KEY_UISupportedInterfaceOrientations_iPad = "UIInterfaceOrientationPortrait UIInterfaceOrientationPortraitUpsideDown UIInterfaceOrientationLandscapeLeft UIInterfaceOrientationLandscapeRight";
				INFOPLIST_KEY_UISupportedInterfaceOrientations_iPhone = "UIInterfaceOrientationPortrait UIInterfaceOrientationLandscapeLeft UIInterfaceOrientationLandscapeRight";
				LD_RUNPATH_SEARCH_PATHS = (
					"$(inherited)",
					"@executable_path/Frameworks",
				);
				MARKETING_VERSION = 1.0;
				PRODUCT_BUNDLE_IDENTIFIER = "KWK.ToDo-List";
				PRODUCT_NAME = "$(TARGET_NAME)";
				SWIFT_EMIT_LOC_STRINGS = YES;
				SWIFT_VERSION = 5.0;
				TARGETED_DEVICE_FAMILY = "1,2";
			};
			name = Debug;
		};
		BD90D27A2A39007C00B84DD1 /* Release */ = {
			isa = XCBuildConfiguration;
			buildSettings = {
				ASSETCATALOG_COMPILER_APPICON_NAME = AppIcon;
				ASSETCATALOG_COMPILER_GLOBAL_ACCENT_COLOR_NAME = AccentColor;
				CODE_SIGN_STYLE = Automatic;
				CURRENT_PROJECT_VERSION = 1;
				DEVELOPMENT_ASSET_PATHS = "\"ToDo List/Preview Content\"";
				ENABLE_PREVIEWS = YES;
				GENERATE_INFOPLIST_FILE = YES;
				INFOPLIST_KEY_UIApplicationSceneManifest_Generation = YES;
				INFOPLIST_KEY_UIApplicationSupportsIndirectInputEvents = YES;
				INFOPLIST_KEY_UILaunchScreen_Generation = YES;
				INFOPLIST_KEY_UISupportedInterfaceOrientations_iPad = "UIInterfaceOrientationPortrait UIInterfaceOrientationPortraitUpsideDown UIInterfaceOrientationLandscapeLeft UIInterfaceOrientationLandscapeRight";
				INFOPLIST_KEY_UISupportedInterfaceOrientations_iPhone = "UIInterfaceOrientationPortrait UIInterfaceOrientationLandscapeLeft UIInterfaceOrientationLandscapeRight";
				LD_RUNPATH_SEARCH_PATHS = (
					"$(inherited)",
					"@executable_path/Frameworks",
				);
				MARKETING_VERSION = 1.0;
				PRODUCT_BUNDLE_IDENTIFIER = "KWK.ToDo-List";
				PRODUCT_NAME = "$(TARGET_NAME)";
				SWIFT_EMIT_LOC_STRINGS = YES;
				SWIFT_VERSION = 5.0;
				TARGETED_DEVICE_FAMILY = "1,2";
			};
			name = Release;
		};
/* End XCBuildConfiguration section */

/* Begin XCConfigurationList section */
		BD90D2652A39007A00B84DD1 /* Build configuration list for PBXProject "ToDo List" */ = {
			isa = XCConfigurationList;
			buildConfigurations = (
				BD90D2762A39007C00B84DD1 /* Debug */,
				BD90D2772A39007C00B84DD1 /* Release */,
			);
			defaultConfigurationIsVisible = 0;
			defaultConfigurationName = Release;
		};
		BD90D2782A39007C00B84DD1 /* Build configuration list for PBXNativeTarget "ToDo List" */ = {
			isa = XCConfigurationList;
			buildConfigurations = (
				BD90D2792A39007C00B84DD1 /* Debug */,
				BD90D27A2A39007C00B84DD1 /* Release */,
			);
			defaultConfigurationIsVisible = 0;
			defaultConfigurationName = Release;
		};
/* End XCConfigurationList section */

/* Begin XCVersionGroup section */
		BD224EC92A3A1366008ACC6B /* ToDo List.xcdatamodeld */ = {
			isa = XCVersionGroup;
			children = (
				BD224ECA2A3A1366008ACC6B /* ToDo List.xcdatamodel */,
			);
			currentVersion = BD224ECA2A3A1366008ACC6B /* ToDo List.xcdatamodel */;
			path = "ToDo List.xcdatamodeld";
			sourceTree = "<group>";
			versionGroupType = wrapper.xcdatamodel;
		};
/* End XCVersionGroup section */
	};
	rootObject = BD90D2622A39007A00B84DD1 /* Project object */;
}
